
Microsoft Visual Studio Solution File, Format Version 12.00
# Visual Studio Version 16
VisualStudioVersion = 16.0.31624.102
MinimumVisualStudioVersion = 10.0.40219.1
Project("{FAE04EC0-301F-11D3-BF4B-00C04F79EFBC}") = "linkedList", "linkedList\linkedList.csproj", "{15BBD708-975E-4CBE-8F07-66B62D7D9B42}"
EndProject
Global
	GlobalSection(SolutionConfigurationPlatforms) = preSolution
		Debug|Any CPU = Debug|Any CPU
		Release|Any CPU = Release|Any CPU
	EndGlobalSection
	GlobalSection(ProjectConfigurationPlatforms) = postSolution
		{15BBD708-975E-4CBE-8F07-66B62D7D9B42}.Debug|Any CPU.ActiveCfg = Debug|Any CPU
		{15BBD708-975E-4CBE-8F07-66B62D7D9B42}.Debug|Any CPU.Build.0 = Debug|Any CPU
		{15BBD708-975E-4CBE-8F07-66B62D7D9B42}.Release|Any CPU.ActiveCfg = Release|Any CPU
		{15BBD708-975E-4CBE-8F07-66B62D7D9B42}.Release|Any CPU.Build.0 = Release|Any CPU
	EndGlobalSection
	GlobalSection(SolutionProperties) = preSolution
		HideSolutionNode = FALSE
	EndGlobalSection
	GlobalSection(ExtensibilityGlobals) = postSolution
		SolutionGuid = {799DE8D4-B675-414F-848E-6FE4576FEE55}
	EndGlobalSection
EndGlobal
